{
  "../erc-asset-registry/lib/openzeppelin-contracts": {
    "rev": "acd4ff74de833399287ed6b31b4debf6b2b35527"
  },
  "../erc-compliance-event-log/lib/forge-std": {
    "rev": "c90c02ffa470b46d92ffaab093baeb296300870b"
  },
  "../erc-impact-snapshot/lib/forge-std": {
    "rev": "c90c02ffa470b46d92ffaab093baeb296300870b"
  },
  "../erc-impact-snapshot/lib/openzeppelin-contracts": {
    "rev": "932fddf69a699a9a80fd2396fd1a2ab91cdda123"
  },
  "../erc-transfer-domain/lib/openzeppelin-contracts": {
    "rev": "932fddf69a699a9a80fd2396fd1a2ab91cdda123"
  },
  "lib/openzeppelin-contracts": {
    "tag": {
      "name": "v5.0.0",
      "rev": "932fddf69a699a9a80fd2396fd1a2ab91cdda123"
    }
  }
}